{
  "R": {
    "Version": "4.4.2",
    "Repositories": [
      {
        "Name": "CRAN",
        "URL": "https://cloud.r-project.org"
      }
    ]
  },
  "Packages": {
    "MASS": {
      "Package": "MASS",
      "Version": "7.3-65",
      "Source": "Repository",
      "Priority": "recommended",
      "Date": "2025-02-19",
      "Revision": "$Rev: 3681 $",
      "Depends": [
        "R (>= 4.4.0)",
        "grDevices",
        "graphics",
        "stats",
        "utils"
      ],
      "Imports": [
        "methods"
      ],
      "Suggests": [
        "lattice",
        "nlme",
        "nnet",
        "survival"
      ],
      "Authors@R": "c(person(\"Brian\", \"Ripley\", role = c(\"aut\", \"cre\", \"cph\"), email = \"Brian.Ripley@R-project.org\"), person(\"Bill\", \"Venables\", role = c(\"aut\", \"cph\")), person(c(\"Douglas\", \"M.\"), \"Bates\", role = \"ctb\"), person(\"Kurt\", \"Hornik\", role = \"trl\", comment = \"partial port ca 1998\"), person(\"Albrecht\", \"Gebhardt\", role = \"trl\", comment = \"partial port ca 1998\"), person(\"David\", \"Firth\", role = \"ctb\", comment = \"support functions for polr\"))",
      "Description": "Functions and datasets to support Venables and Ripley, \"Modern Applied Statistics with S\" (4th edition, 2002).",
      "Title": "Support Functions and Datasets for Venables and Ripley's MASS",
      "LazyData": "yes",
      "ByteCompile": "yes",
      "License": "GPL-2 | GPL-3",
      "URL": "http://www.stats.ox.ac.uk/pub/MASS4/",
      "Contact": "<MASS@stats.ox.ac.uk>",
      "NeedsCompilation": "yes",
      "Author": "Brian Ripley [aut, cre, cph], Bill Venables [aut, cph], Douglas M. Bates [ctb], Kurt Hornik [trl] (partial port ca 1998), Albrecht Gebhardt [trl] (partial port ca 1998), David Firth [ctb] (support functions for polr)",
      "Maintainer": "Brian Ripley <Brian.Ripley@R-project.org>",
      "Repository": "CRAN"
    },
    "R6": {
      "Package": "R6",
      "Version": "2.6.1",
      "Source": "Repository",
      "Title": "Encapsulated Classes with Reference Semantics",
      "Authors@R": "c( person(\"Winston\", \"Chang\", , \"winston@posit.co\", role = c(\"aut\", \"cre\")), person(\"Posit Software, PBC\", role = c(\"cph\", \"fnd\")) )",
      "Description": "Creates classes with reference semantics, similar to R's built-in reference classes. Compared to reference classes, R6 classes are simpler and lighter-weight, and they are not built on S4 classes so they do not require the methods package. These classes allow public and private members, and they support inheritance, even when the classes are defined in different packages.",
      "License": "MIT + file LICENSE",
      "URL": "https://r6.r-lib.org, https://github.com/r-lib/R6",
      "BugReports": "https://github.com/r-lib/R6/issues",
      "Depends": [
        "R (>= 3.6)"
      ],
      "Suggests": [
        "lobstr",
        "testthat (>= 3.0.0)"
      ],
      "Config/Needs/website": "tidyverse/tidytemplate, ggplot2, microbenchmark, scales",
      "Config/testthat/edition": "3",
      "Encoding": "UTF-8",
      "RoxygenNote": "7.3.2",
      "NeedsCompilation": "no",
      "Author": "Winston Chang [aut, cre], Posit Software, PBC [cph, fnd]",
      "Maintainer": "Winston Chang <winston@posit.co>",
      "Repository": "CRAN"
    },
    "RColorBrewer": {
      "Package": "RColorBrewer",
      "Version": "1.1-3",
      "Source": "Repository",
      "Date": "2022-04-03",
      "Title": "ColorBrewer Palettes",
      "Authors@R": "c(person(given = \"Erich\", family = \"Neuwirth\", role = c(\"aut\", \"cre\"), email = \"erich.neuwirth@univie.ac.at\"))",
      "Author": "Erich Neuwirth [aut, cre]",
      "Maintainer": "Erich Neuwirth <erich.neuwirth@univie.ac.at>",
      "Depends": [
        "R (>= 2.0.0)"
      ],
      "Description": "Provides color schemes for maps (and other graphics) designed by Cynthia Brewer as described at http://colorbrewer2.org.",
      "License": "Apache License 2.0",
      "NeedsCompilation": "no",
      "Repository": "CRAN"
    },
    "Rcpp": {
      "Package": "Rcpp",
      "Version": "1.0.14",
      "Source": "Repository",
      "Title": "Seamless R and C++ Integration",
      "Date": "2025-01-11",
      "Authors@R": "c(person(\"Dirk\", \"Eddelbuettel\", role = c(\"aut\", \"cre\"), email = \"edd@debian.org\", comment = c(ORCID = \"0000-0001-6419-907X\")), person(\"Romain\", \"Francois\", role = \"aut\", comment = c(ORCID = \"0000-0002-2444-4226\")), person(\"JJ\", \"Allaire\", role = \"aut\", comment = c(ORCID = \"0000-0003-0174-9868\")), person(\"Kevin\", \"Ushey\", role = \"aut\", comment = c(ORCID = \"0000-0003-2880-7407\")), person(\"Qiang\", \"Kou\", role = \"aut\", comment = c(ORCID = \"0000-0001-6786-5453\")), person(\"Nathan\", \"Russell\", role = \"aut\"), person(\"Iñaki\", \"Ucar\", role = \"aut\", comment = c(ORCID = \"0000-0001-6403-5550\")), person(\"Doug\", \"Bates\", role = \"aut\", comment = c(ORCID = \"0000-0001-8316-9503\")), person(\"John\", \"Chambers\", role = \"aut\"))",
      "Description": "The 'Rcpp' package provides R functions as well as C++ classes which offer a seamless integration of R and C++. Many R data types and objects can be mapped back and forth to C++ equivalents which facilitates both writing of new code as well as easier integration of third-party libraries. Documentation about 'Rcpp' is provided by several vignettes included in this package, via the 'Rcpp Gallery' site at <https://gallery.rcpp.org>, the paper by Eddelbuettel and Francois (2011, <doi:10.18637/jss.v040.i08>), the book by Eddelbuettel (2013, <doi:10.1007/978-1-4614-6868-4>) and the paper by Eddelbuettel and Balamuta (2018, <doi:10.1080/00031305.2017.1375990>); see 'citation(\"Rcpp\")' for details.",
      "Imports": [
        "methods",
        "utils"
      ],
      "Suggests": [
        "tinytest",
        "inline",
        "rbenchmark",
        "pkgKitten (>= 0.1.2)"
      ],
      "URL": "https://www.rcpp.org, https://dirk.eddelbuettel.com/code/rcpp.html, https://github.com/RcppCore/Rcpp",
      "License": "GPL (>= 2)",
      "BugReports": "https://github.com/RcppCore/Rcpp/issues",
      "MailingList": "rcpp-devel@lists.r-forge.r-project.org",
      "RoxygenNote": "6.1.1",
      "Encoding": "UTF-8",
      "NeedsCompilation": "yes",
      "Author": "Dirk Eddelbuettel [aut, cre] (<https://orcid.org/0000-0001-6419-907X>), Romain Francois [aut] (<https://orcid.org/0000-0002-2444-4226>), JJ Allaire [aut] (<https://orcid.org/0000-0003-0174-9868>), Kevin Ushey [aut] (<https://orcid.org/0000-0003-2880-7407>), Qiang Kou [aut] (<https://orcid.org/0000-0001-6786-5453>), Nathan Russell [aut], Iñaki Ucar [aut] (<https://orcid.org/0000-0001-6403-5550>), Doug Bates [aut] (<https://orcid.org/0000-0001-8316-9503>), John Chambers [aut]",
      "Maintainer": "Dirk Eddelbuettel <edd@debian.org>",
      "Repository": "CRAN"
    },
    "RcppEigen": {
      "Package": "RcppEigen",
      "Version": "0.3.4.0.2",
      "Source": "Repository",
      "Type": "Package",
      "Title": "'Rcpp' Integration for the 'Eigen' Templated Linear Algebra Library",
      "Date": "2024-08-23",
      "Authors@R": "c(person(\"Doug\", \"Bates\", role = \"aut\", comment = c(ORCID = \"0000-0001-8316-9503\")), person(\"Dirk\", \"Eddelbuettel\", role = c(\"aut\", \"cre\"), email = \"edd@debian.org\", comment = c(ORCID = \"0000-0001-6419-907X\")), person(\"Romain\", \"Francois\", role = \"aut\", comment = c(ORCID = \"0000-0002-2444-4226\")), person(\"Yixuan\", \"Qiu\", role = \"aut\", comment = c(ORCID = \"0000-0003-0109-6692\")), person(\"Authors of\", \"Eigen\", role = \"cph\", comment = \"Authorship and copyright in included Eigen library as detailed in inst/COPYRIGHTS\"))",
      "Copyright": "See the file COPYRIGHTS for various Eigen copyright details",
      "Description": "R and 'Eigen' integration using 'Rcpp'. 'Eigen' is a C++ template library for linear algebra: matrices, vectors, numerical solvers and related algorithms.  It supports dense and sparse matrices on integer, floating point and complex numbers, decompositions of such matrices, and solutions of linear systems. Its performance on many algorithms is comparable with some of the best implementations based on 'Lapack' and level-3 'BLAS'. The 'RcppEigen' package includes the header files from the 'Eigen' C++ template library. Thus users do not need to install 'Eigen' itself in order to use 'RcppEigen'. Since version 3.1.1, 'Eigen' is licensed under the Mozilla Public License (version 2); earlier version were licensed under the GNU LGPL version 3 or later. 'RcppEigen' (the 'Rcpp' bindings/bridge to 'Eigen') is licensed under the GNU GPL version 2 or later, as is the rest of 'Rcpp'.",
      "License": "GPL (>= 2) | file LICENSE",
      "LazyLoad": "yes",
      "Depends": [
        "R (>= 3.6.0)"
      ],
      "LinkingTo": [
        "Rcpp"
      ],
      "Imports": [
        "Rcpp (>= 0.11.0)",
        "stats",
        "utils"
      ],
      "Suggests": [
        "Matrix",
        "inline",
        "tinytest",
        "pkgKitten",
        "microbenchmark"
      ],
      "URL": "https://github.com/RcppCore/RcppEigen, https://dirk.eddelbuettel.com/code/rcpp.eigen.html",
      "BugReports": "https://github.com/RcppCore/RcppEigen/issues",
      "NeedsCompilation": "yes",
      "Author": "Doug Bates [aut] (<https://orcid.org/0000-0001-8316-9503>), Dirk Eddelbuettel [aut, cre] (<https://orcid.org/0000-0001-6419-907X>), Romain Francois [aut] (<https://orcid.org/0000-0002-2444-4226>), Yixuan Qiu [aut] (<https://orcid.org/0000-0003-0109-6692>), Authors of Eigen [cph] (Authorship and copyright in included Eigen library as detailed in inst/COPYRIGHTS)",
      "Maintainer": "Dirk Eddelbuettel <edd@debian.org>",
      "Repository": "CRAN"
    },
    "cli": {
      "Package": "cli",
      "Version": "3.6.4",
      "Source": "Repository",
      "Title": "Helpers for Developing Command Line Interfaces",
      "Authors@R": "c( person(\"Gábor\", \"Csárdi\", , \"gabor@posit.co\", role = c(\"aut\", \"cre\")), person(\"Hadley\", \"Wickham\", role = \"ctb\"), person(\"Kirill\", \"Müller\", role = \"ctb\"), person(\"Salim\", \"Brüggemann\", , \"salim-b@pm.me\", role = \"ctb\", comment = c(ORCID = \"0000-0002-5329-5987\")), person(\"Posit Software, PBC\", role = c(\"cph\", \"fnd\")) )",
      "Description": "A suite of tools to build attractive command line interfaces ('CLIs'), from semantic elements: headings, lists, alerts, paragraphs, etc. Supports custom themes via a 'CSS'-like language. It also contains a number of lower level 'CLI' elements: rules, boxes, trees, and 'Unicode' symbols with 'ASCII' alternatives. It support ANSI colors and text styles as well.",
      "License": "MIT + file LICENSE",
      "URL": "https://cli.r-lib.org, https://github.com/r-lib/cli",
      "BugReports": "https://github.com/r-lib/cli/issues",
      "Depends": [
        "R (>= 3.4)"
      ],
      "Imports": [
        "utils"
      ],
      "Suggests": [
        "callr",
        "covr",
        "crayon",
        "digest",
        "glue (>= 1.6.0)",
        "grDevices",
        "htmltools",
        "htmlwidgets",
        "knitr",
        "methods",
        "processx",
        "ps (>= 1.3.4.9000)",
        "rlang (>= 1.0.2.9003)",
        "rmarkdown",
        "rprojroot",
        "rstudioapi",
        "testthat (>= 3.2.0)",
        "tibble",
        "whoami",
        "withr"
      ],
      "Config/Needs/website": "r-lib/asciicast, bench, brio, cpp11, decor, desc, fansi, prettyunits, sessioninfo, tidyverse/tidytemplate, usethis, vctrs",
      "Config/testthat/edition": "3",
      "Encoding": "UTF-8",
      "RoxygenNote": "7.3.2",
      "NeedsCompilation": "yes",
      "Author": "Gábor Csárdi [aut, cre], Hadley Wickham [ctb], Kirill Müller [ctb], Salim Brüggemann [ctb] (<https://orcid.org/0000-0002-5329-5987>), Posit Software, PBC [cph, fnd]",
      "Maintainer": "Gábor Csárdi <gabor@posit.co>",
      "Repository": "CRAN"
    },
    "colorspace": {
      "Package": "colorspace",
      "Version": "2.1-1",
      "Source": "Repository",
      "Date": "2024-07-26",
      "Title": "A Toolbox for Manipulating and Assessing Colors and Palettes",
      "Authors@R": "c(person(given = \"Ross\", family = \"Ihaka\", role = \"aut\", email = \"ihaka@stat.auckland.ac.nz\"), person(given = \"Paul\", family = \"Murrell\", role = \"aut\", email = \"paul@stat.auckland.ac.nz\", comment = c(ORCID = \"0000-0002-3224-8858\")), person(given = \"Kurt\", family = \"Hornik\", role = \"aut\", email = \"Kurt.Hornik@R-project.org\", comment = c(ORCID = \"0000-0003-4198-9911\")), person(given = c(\"Jason\", \"C.\"), family = \"Fisher\", role = \"aut\", email = \"jfisher@usgs.gov\", comment = c(ORCID = \"0000-0001-9032-8912\")), person(given = \"Reto\", family = \"Stauffer\", role = \"aut\", email = \"Reto.Stauffer@uibk.ac.at\", comment = c(ORCID = \"0000-0002-3798-5507\")), person(given = c(\"Claus\", \"O.\"), family = \"Wilke\", role = \"aut\", email = \"wilke@austin.utexas.edu\", comment = c(ORCID = \"0000-0002-7470-9261\")), person(given = c(\"Claire\", \"D.\"), family = \"McWhite\", role = \"aut\", email = \"claire.mcwhite@utmail.utexas.edu\", comment = c(ORCID = \"0000-0001-7346-3047\")), person(given = \"Achim\", family = \"Zeileis\", role = c(\"aut\", \"cre\"), email = \"Achim.Zeileis@R-project.org\", comment = c(ORCID = \"0000-0003-0918-3766\")))",
      "Description": "Carries out mapping between assorted color spaces including RGB, HSV, HLS, CIEXYZ, CIELUV, HCL (polar CIELUV), CIELAB, and polar CIELAB. Qualitative, sequential, and diverging color palettes based on HCL colors are provided along with corresponding ggplot2 color scales. Color palette choice is aided by an interactive app (with either a Tcl/Tk or a shiny graphical user interface) and shiny apps with an HCL color picker and a color vision deficiency emulator. Plotting functions for displaying and assessing palettes include color swatches, visualizations of the HCL space, and trajectories in HCL and/or RGB spectrum. Color manipulation functions include: desaturation, lightening/darkening, mixing, and simulation of color vision deficiencies (deutanomaly, protanomaly, tritanomaly). Details can be found on the project web page at <https://colorspace.R-Forge.R-project.org/> and in the accompanying scientific paper: Zeileis et al. (2020, Journal of Statistical Software, <doi:10.18637/jss.v096.i01>).",
      "Depends": [
        "R (>= 3.0.0)",
        "methods"
      ],
      "Imports": [
        "graphics",
        "grDevices",
        "stats"
      ],
      "Suggests": [
        "datasets",
        "utils",
        "KernSmooth",
        "MASS",
        "kernlab",
        "mvtnorm",
        "vcd",
        "tcltk",
        "shiny",
        "shinyjs",
        "ggplot2",
        "dplyr",
        "scales",
        "grid",
        "png",
        "jpeg",
        "knitr",
        "rmarkdown",
        "RColorBrewer",
        "rcartocolor",
        "scico",
        "viridis",
        "wesanderson"
      ],
      "VignetteBuilder": "knitr",
      "License": "BSD_3_clause + file LICENSE",
      "URL": "https://colorspace.R-Forge.R-project.org/, https://hclwizard.org/",
      "BugReports": "https://colorspace.R-Forge.R-project.org/contact.html",
      "LazyData": "yes",
      "Encoding": "UTF-8",
      "RoxygenNote": "7.3.1",
      "NeedsCompilation": "yes",
      "Author": "Ross Ihaka [aut], Paul Murrell [aut] (<https://orcid.org/0000-0002-3224-8858>), Kurt Hornik [aut] (<https://orcid.org/0000-0003-4198-9911>), Jason C. Fisher [aut] (<https://orcid.org/0000-0001-9032-8912>), Reto Stauffer [aut] (<https://orcid.org/0000-0002-3798-5507>), Claus O. Wilke [aut] (<https://orcid.org/0000-0002-7470-9261>), Claire D. McWhite [aut] (<https://orcid.org/0000-0001-7346-3047>), Achim Zeileis [aut, cre] (<https://orcid.org/0000-0003-0918-3766>)",
      "Maintainer": "Achim Zeileis <Achim.Zeileis@R-project.org>",
      "Repository": "CRAN"
    },
    "deldir": {
      "Package": "deldir",
      "Version": "2.0-4",
      "Source": "Repository",
      "Date": "2024-02-27",
      "Title": "Delaunay Triangulation and Dirichlet (Voronoi) Tessellation",
      "Author": "Rolf Turner",
      "Maintainer": "Rolf Turner <rolfturner@posteo.net>",
      "Depends": [
        "R (>= 3.5.0)"
      ],
      "Suggests": [
        "polyclip"
      ],
      "Imports": [
        "graphics",
        "grDevices"
      ],
      "Description": "Calculates the Delaunay triangulation and the Dirichlet or Voronoi tessellation (with respect to the entire plane) of a planar point set. Plots triangulations and tessellations in various ways.  Clips tessellations to sub-windows. Calculates perimeters of tessellations.  Summarises information about the tiles of the tessellation.\tCalculates the centroidal Voronoi (Dirichlet) tessellation using Lloyd's algorithm.",
      "LazyData": "true",
      "ByteCompile": "true",
      "License": "GPL (>= 2)",
      "NeedsCompilation": "yes",
      "Repository": "CRAN"
    },
    "farver": {
      "Package": "farver",
      "Version": "2.1.2",
      "Source": "Repository",
      "Type": "Package",
      "Title": "High Performance Colour Space Manipulation",
      "Authors@R": "c( person(\"Thomas Lin\", \"Pedersen\", , \"thomas.pedersen@posit.co\", role = c(\"cre\", \"aut\"), comment = c(ORCID = \"0000-0002-5147-4711\")), person(\"Berendea\", \"Nicolae\", role = \"aut\", comment = \"Author of the ColorSpace C++ library\"), person(\"Romain\", \"François\", , \"romain@purrple.cat\", role = \"aut\", comment = c(ORCID = \"0000-0002-2444-4226\")), person(\"Posit, PBC\", role = c(\"cph\", \"fnd\")) )",
      "Description": "The encoding of colour can be handled in many different ways, using different colour spaces. As different colour spaces have different uses, efficient conversion between these representations are important. The 'farver' package provides a set of functions that gives access to very fast colour space conversion and comparisons implemented in C++, and offers speed improvements over the 'convertColor' function in the 'grDevices' package.",
      "License": "MIT + file LICENSE",
      "URL": "https://farver.data-imaginist.com, https://github.com/thomasp85/farver",
      "BugReports": "https://github.com/thomasp85/farver/issues",
      "Suggests": [
        "covr",
        "testthat (>= 3.0.0)"
      ],
      "Config/testthat/edition": "3",
      "Encoding": "UTF-8",
      "RoxygenNote": "7.3.1",
      "NeedsCompilation": "yes",
      "Author": "Thomas Lin Pedersen [cre, aut] (<https://orcid.org/0000-0002-5147-4711>), Berendea Nicolae [aut] (Author of the ColorSpace C++ library), Romain François [aut] (<https://orcid.org/0000-0002-2444-4226>), Posit, PBC [cph, fnd]",
      "Maintainer": "Thomas Lin Pedersen <thomas.pedersen@posit.co>",
      "Repository": "CRAN"
    },
    "glue": {
      "Package": "glue",
      "Version": "1.8.0",
      "Source": "Repository",
      "Title": "Interpreted String Literals",
      "Authors@R": "c( person(\"Jim\", \"Hester\", role = \"aut\", comment = c(ORCID = \"0000-0002-2739-7082\")), person(\"Jennifer\", \"Bryan\", , \"jenny@posit.co\", role = c(\"aut\", \"cre\"), comment = c(ORCID = \"0000-0002-6983-2759\")), person(\"Posit Software, PBC\", role = c(\"cph\", \"fnd\")) )",
      "Description": "An implementation of interpreted string literals, inspired by Python's Literal String Interpolation <https://www.python.org/dev/peps/pep-0498/> and Docstrings <https://www.python.org/dev/peps/pep-0257/> and Julia's Triple-Quoted String Literals <https://docs.julialang.org/en/v1.3/manual/strings/#Triple-Quoted-String-Literals-1>.",
      "License": "MIT + file LICENSE",
      "URL": "https://glue.tidyverse.org/, https://github.com/tidyverse/glue",
      "BugReports": "https://github.com/tidyverse/glue/issues",
      "Depends": [
        "R (>= 3.6)"
      ],
      "Imports": [
        "methods"
      ],
      "Suggests": [
        "crayon",
        "DBI (>= 1.2.0)",
        "dplyr",
        "knitr",
        "magrittr",
        "rlang",
        "rmarkdown",
        "RSQLite",
        "testthat (>= 3.2.0)",
        "vctrs (>= 0.3.0)",
        "waldo (>= 0.5.3)",
        "withr"
      ],
      "VignetteBuilder": "knitr",
      "ByteCompile": "true",
      "Config/Needs/website": "bench, forcats, ggbeeswarm, ggplot2, R.utils, rprintf, tidyr, tidyverse/tidytemplate",
      "Config/testthat/edition": "3",
      "Encoding": "UTF-8",
      "RoxygenNote": "7.3.2",
      "NeedsCompilation": "yes",
      "Author": "Jim Hester [aut] (<https://orcid.org/0000-0002-2739-7082>), Jennifer Bryan [aut, cre] (<https://orcid.org/0000-0002-6983-2759>), Posit Software, PBC [cph, fnd]",
      "Maintainer": "Jennifer Bryan <jenny@posit.co>",
      "Repository": "CRAN"
    },
    "gridExtra": {
      "Package": "gridExtra",
      "Version": "2.3",
      "Source": "Repository",
      "Authors@R": "c(person(\"Baptiste\", \"Auguie\", email = \"baptiste.auguie@gmail.com\", role = c(\"aut\", \"cre\")), person(\"Anton\", \"Antonov\", email = \"tonytonov@gmail.com\", role = c(\"ctb\")))",
      "License": "GPL (>= 2)",
      "Title": "Miscellaneous Functions for \"Grid\" Graphics",
      "Type": "Package",
      "Description": "Provides a number of user-level functions to work with \"grid\" graphics, notably to arrange multiple grid-based plots on a page, and draw tables.",
      "VignetteBuilder": "knitr",
      "Imports": [
        "gtable",
        "grid",
        "grDevices",
        "graphics",
        "utils"
      ],
      "Suggests": [
        "ggplot2",
        "egg",
        "lattice",
        "knitr",
        "testthat"
      ],
      "RoxygenNote": "6.0.1",
      "NeedsCompilation": "no",
      "Author": "Baptiste Auguie [aut, cre], Anton Antonov [ctb]",
      "Maintainer": "Baptiste Auguie <baptiste.auguie@gmail.com>",
      "Repository": "CRAN"
    },
    "gtable": {
      "Package": "gtable",
      "Version": "0.3.6",
      "Source": "Repository",
      "Title": "Arrange 'Grobs' in Tables",
      "Authors@R": "c( person(\"Hadley\", \"Wickham\", , \"hadley@posit.co\", role = \"aut\"), person(\"Thomas Lin\", \"Pedersen\", , \"thomas.pedersen@posit.co\", role = c(\"aut\", \"cre\")), person(\"Posit Software, PBC\", role = c(\"cph\", \"fnd\")) )",
      "Description": "Tools to make it easier to work with \"tables\" of 'grobs'. The 'gtable' package defines a 'gtable' grob class that specifies a grid along with a list of grobs and their placement in the grid. Further the package makes it easy to manipulate and combine 'gtable' objects so that complex compositions can be built up sequentially.",
      "License": "MIT + file LICENSE",
      "URL": "https://gtable.r-lib.org, https://github.com/r-lib/gtable",
      "BugReports": "https://github.com/r-lib/gtable/issues",
      "Depends": [
        "R (>= 4.0)"
      ],
      "Imports": [
        "cli",
        "glue",
        "grid",
        "lifecycle",
        "rlang (>= 1.1.0)",
        "stats"
      ],
      "Suggests": [
        "covr",
        "ggplot2",
        "knitr",
        "profvis",
        "rmarkdown",
        "testthat (>= 3.0.0)"
      ],
      "VignetteBuilder": "knitr",
      "Config/Needs/website": "tidyverse/tidytemplate",
      "Config/testthat/edition": "3",
      "Config/usethis/last-upkeep": "2024-10-25",
      "Encoding": "UTF-8",
      "RoxygenNote": "7.3.2",
      "NeedsCompilation": "no",
      "Author": "Hadley Wickham [aut], Thomas Lin Pedersen [aut, cre], Posit Software, PBC [cph, fnd]",
      "Maintainer": "Thomas Lin Pedersen <thomas.pedersen@posit.co>",
      "Repository": "CRAN"
    },
    "interp": {
      "Package": "interp",
      "Version": "1.1-6",
      "Source": "Repository",
      "Type": "Package",
      "Title": "Interpolation Methods",
      "Date": "2024-01-26",
      "Authors@R": "c(person(\"Albrecht\", \"Gebhardt\", role = c(\"aut\", \"cre\", \"cph\"), email = \"albrecht.gebhardt@aau.at\"), person(\"Roger\", \"Bivand\", role = c(\"aut\"), email = \"Roger.Bivand@nhh.no\"), person(\"David\", \"Sinclair\", role = c(\"aut\",\"cph\"), email = \"david@s-hull.org\", comment = \"author of the shull library\"))",
      "Maintainer": "Albrecht Gebhardt <albrecht.gebhardt@aau.at>",
      "Description": "Bivariate data interpolation on regular and irregular grids, either linear or using splines are the main part of this package.  It is intended to provide FOSS replacement functions for the ACM licensed akima::interp and tripack::tri.mesh functions. Linear interpolation is implemented in  interp::interp(..., method=\"linear\"), this corresponds to the call  akima::interp(..., linear=TRUE) which is the default setting and  covers most of akima::interp use cases in depending packages.   A re-implementation of Akimas irregular grid spline interpolation (akima::interp(..., linear=FALSE)) is now also available via interp::interp(..., method=\"akima\"). Estimators for partial derivatives are now also available in  interp::locpoly(), these are a prerequisite for the spline interpolation.   The basic part is a GPLed triangulation algorithm (sweep hull  algorithm by David Sinclair) providing the starting point for the irregular grid interpolator. As side effect this algorithm is also used to provide replacements for almost all functions of the tripack package which also suffers from the same ACM license restrictions.   All functions are designed to be backward compatible with their  akima / tripack counterparts.",
      "License": "GPL (>= 2)",
      "Imports": [
        "Rcpp (>= 0.12.9)",
        "deldir"
      ],
      "Suggests": [
        "sp",
        "Deriv",
        "Ryacas",
        "ggplot2",
        "gridExtra",
        "lattice",
        "stringi",
        "stringr",
        "scatterplot3d",
        "MASS"
      ],
      "Enhances": [
        "RcppEigen"
      ],
      "LinkingTo": [
        "Rcpp",
        "RcppEigen"
      ],
      "Depends": [
        "R (>= 3.5.0)"
      ],
      "NeedsCompilation": "yes",
      "Author": "Albrecht Gebhardt [aut, cre, cph], Roger Bivand [aut], David Sinclair [aut, cph] (author of the shull library)",
      "Repository": "CRAN"
    },
    "jpeg": {
      "Package": "jpeg",
      "Version": "0.1-11",
      "Source": "Repository",
      "Title": "Read and write JPEG images",
      "Author": "Simon Urbanek [aut, cre, cph] (https://urbanek.org, <https://orcid.org/0000-0003-2297-1732>)",
      "Authors@R": "person(\"Simon\", \"Urbanek\", role=c(\"aut\",\"cre\",\"cph\"), email=\"Simon.Urbanek@r-project.org\", comment=c(\"https://urbanek.org\", ORCID=\"0000-0003-2297-1732\"))",
      "Maintainer": "Simon Urbanek <Simon.Urbanek@r-project.org>",
      "Depends": [
        "R (>= 2.9.0)"
      ],
      "Description": "This package provides an easy and simple way to read, write and display bitmap images stored in the JPEG format. It can read and write both files and in-memory raw vectors.",
      "License": "GPL-2 | GPL-3",
      "SystemRequirements": "libjpeg",
      "URL": "https://www.rforge.net/jpeg/",
      "BugReports": "https://github.com/s-u/jpeg/issues",
      "NeedsCompilation": "yes",
      "Repository": "CRAN"
    },
    "labeling": {
      "Package": "labeling",
      "Version": "0.4.3",
      "Source": "Repository",
      "Type": "Package",
      "Title": "Axis Labeling",
      "Date": "2023-08-29",
      "Author": "Justin Talbot,",
      "Maintainer": "Nuno Sempere <nuno.semperelh@gmail.com>",
      "Description": "Functions which provide a range of axis labeling algorithms.",
      "License": "MIT + file LICENSE | Unlimited",
      "Collate": "'labeling.R'",
      "NeedsCompilation": "no",
      "Imports": [
        "stats",
        "graphics"
      ],
      "Repository": "CRAN"
    },
    "latticeExtra": {
      "Package": "latticeExtra",
      "Version": "0.6-30",
      "Source": "Repository",
      "Date": "2022-06-30",
      "Title": "Extra Graphical Utilities Based on Lattice",
      "Author": "Deepayan Sarkar <deepayan.sarkar@r-project.org>, Felix Andrews <felix@nfrac.org>",
      "Maintainer": "Deepayan Sarkar <deepayan.sarkar@r-project.org>",
      "Description": "Building on the infrastructure provided by the lattice package, this package provides several new high-level functions and methods, as well as additional utilities such as panel and axis annotation functions.",
      "Depends": [
        "R (>= 3.6.0)",
        "lattice"
      ],
      "Imports": [
        "grid",
        "stats",
        "utils",
        "grDevices",
        "png",
        "jpeg",
        "RColorBrewer",
        "interp",
        "MASS"
      ],
      "Suggests": [
        "maps",
        "mapproj",
        "deldir",
        "quantreg",
        "zoo",
        "mgcv"
      ],
      "URL": "http://latticeextra.r-forge.r-project.org/",
      "LazyLoad": "yes",
      "LazyData": "yes",
      "License": "GPL (>= 2)",
      "NeedsCompilation": "no",
      "Repository": "CRAN"
    },
    "lifecycle": {
      "Package": "lifecycle",
      "Version": "1.0.4",
      "Source": "Repository",
      "Title": "Manage the Life Cycle of your Package Functions",
      "Authors@R": "c( person(\"Lionel\", \"Henry\", , \"lionel@posit.co\", role = c(\"aut\", \"cre\")), person(\"Hadley\", \"Wickham\", , \"hadley@posit.co\", role = \"aut\", comment = c(ORCID = \"0000-0003-4757-117X\")), person(\"Posit Software, PBC\", role = c(\"cph\", \"fnd\")) )",
      "Description": "Manage the life cycle of your exported functions with shared conventions, documentation badges, and user-friendly deprecation warnings.",
      "License": "MIT + file LICENSE",
      "URL": "https://lifecycle.r-lib.org/, https://github.com/r-lib/lifecycle",
      "BugReports": "https://github.com/r-lib/lifecycle/issues",
      "Depends": [
        "R (>= 3.6)"
      ],
      "Imports": [
        "cli (>= 3.4.0)",
        "glue",
        "rlang (>= 1.1.0)"
      ],
      "Suggests": [
        "covr",
        "crayon",
        "knitr",
        "lintr",
        "rmarkdown",
        "testthat (>= 3.0.1)",
        "tibble",
        "tidyverse",
        "tools",
        "vctrs",
        "withr"
      ],
      "VignetteBuilder": "knitr",
      "Config/Needs/website": "tidyverse/tidytemplate, usethis",
      "Config/testthat/edition": "3",
      "Encoding": "UTF-8",
      "RoxygenNote": "7.2.1",
      "NeedsCompilation": "no",
      "Author": "Lionel Henry [aut, cre], Hadley Wickham [aut] (<https://orcid.org/0000-0003-4757-117X>), Posit Software, PBC [cph, fnd]",
      "Maintainer": "Lionel Henry <lionel@posit.co>",
      "Repository": "CRAN"
    },
    "mapdata": {
      "Package": "mapdata",
      "Version": "2.3.1",
      "Source": "Repository",
      "Title": "Extra Map Databases",
      "Date": "2022-10-31",
      "Author": "Original S code by Richard A. Becker and Allan R. Wilks. R version by Ray Brownrigg <Ray.Brownrigg@ecs.vuw.ac.nz>.",
      "Description": "Supplement to maps package, providing some larger and/or higher-resolution databases. NOTE: this is a legacy package. The world map is out-dated.",
      "Depends": [
        "R (>= 2.14.0)",
        "maps (>= 2.0-7)"
      ],
      "LazyData": "yes",
      "License": "GPL-2",
      "Maintainer": "Alex Deckmyn <alex.deckmyn@meteo.be>",
      "NeedsCompilation": "yes",
      "Repository": "CRAN"
    },
    "munsell": {
      "Package": "munsell",
      "Version": "0.5.1",
      "Source": "Repository",
      "Type": "Package",
      "Title": "Utilities for Using Munsell Colours",
      "Author": "Charlotte Wickham <cwickham@gmail.com>",
      "Maintainer": "Charlotte Wickham <cwickham@gmail.com>",
      "Description": "Provides easy access to, and manipulation of, the Munsell  colours. Provides a mapping between Munsell's  original notation (e.g. \"5R 5/10\") and hexadecimal strings suitable  for use directly in R graphics. Also provides utilities  to explore slices through the Munsell colour tree, to transform  Munsell colours and display colour palettes.",
      "Suggests": [
        "ggplot2",
        "testthat"
      ],
      "Imports": [
        "colorspace",
        "methods"
      ],
      "License": "MIT + file LICENSE",
      "URL": "https://cran.r-project.org/package=munsell, https://github.com/cwickham/munsell/",
      "RoxygenNote": "7.3.1",
      "Encoding": "UTF-8",
      "BugReports": "https://github.com/cwickham/munsell/issues",
      "NeedsCompilation": "no",
      "Repository": "CRAN"
    },
    "png": {
      "Package": "png",
      "Version": "0.1-8",
      "Source": "Repository",
      "Title": "Read and write PNG images",
      "Author": "Simon Urbanek <Simon.Urbanek@r-project.org>",
      "Maintainer": "Simon Urbanek <Simon.Urbanek@r-project.org>",
      "Depends": [
        "R (>= 2.9.0)"
      ],
      "Description": "This package provides an easy and simple way to read, write and display bitmap images stored in the PNG format. It can read and write both files and in-memory raw vectors.",
      "License": "GPL-2 | GPL-3",
      "SystemRequirements": "libpng",
      "URL": "http://www.rforge.net/png/",
      "NeedsCompilation": "yes",
      "Repository": "CRAN"
    },
    "raster": {
      "Package": "raster",
      "Version": "3.6-31",
      "Source": "Repository",
      "Type": "Package",
      "Title": "Geographic Data Analysis and Modeling",
      "Date": "2025-01-16",
      "Imports": [
        "Rcpp",
        "methods",
        "terra (>= 1.8-5)"
      ],
      "LinkingTo": [
        "Rcpp"
      ],
      "Depends": [
        "sp (>= 1.4-5)",
        "R (>= 3.5.0)"
      ],
      "Suggests": [
        "ncdf4",
        "igraph",
        "tcltk",
        "parallel",
        "rasterVis",
        "MASS",
        "sf",
        "tinytest",
        "gstat",
        "fields",
        "exactextractr"
      ],
      "Description": "Reading, writing, manipulating, analyzing and modeling of spatial data. This package has been superseded by the \"terra\" package <https://CRAN.R-project.org/package=terra>.",
      "License": "GPL (>= 3)",
      "URL": "https://rspatial.org/raster",
      "BugReports": "https://github.com/rspatial/raster/issues/",
      "Authors@R": "c( person(\"Robert J.\", \"Hijmans\", role = c(\"cre\", \"aut\"),   email = \"r.hijmans@gmail.com\",  comment = c(ORCID = \"0000-0001-5872-2872\")), person(\"Jacob\", \"van Etten\", role = \"ctb\"), person(\"Michael\", \"Sumner\", role = \"ctb\"), person(\"Joe\", \"Cheng\", role = \"ctb\"), person(\"Dan\", \"Baston\", role = \"ctb\"), person(\"Andrew\", \"Bevan\", role = \"ctb\"), person(\"Roger\", \"Bivand\", role = \"ctb\"), person(\"Lorenzo\", \"Busetto\", role = \"ctb\"), person(\"Mort\", \"Canty\", role = \"ctb\"), person(\"Ben\", \"Fasoli\", role = \"ctb\"), person(\"David\", \"Forrest\", role = \"ctb\"), person(\"Aniruddha\", \"Ghosh\", role = \"ctb\"), person(\"Duncan\", \"Golicher\", role = \"ctb\"), person(\"Josh\", \"Gray\", role = \"ctb\"), person(\"Jonathan A.\", \"Greenberg\", role = \"ctb\"), person(\"Paul\", \"Hiemstra\", role = \"ctb\"), person(\"Kassel\", \"Hingee\", role = \"ctb\"), person(\"Alex\", \"Ilich\", role = \"ctb\"), person(\"Institute for Mathematics Applied Geosciences\", role=\"cph\"), person(\"Charles\", \"Karney\", role = \"ctb\"), person(\"Matteo\", \"Mattiuzzi\", role = \"ctb\"), person(\"Steven\", \"Mosher\", role = \"ctb\"), person(\"Babak\", \"Naimi\", role = \"ctb\"),\t person(\"Jakub\", \"Nowosad\", role = \"ctb\"), person(\"Edzer\", \"Pebesma\", role = \"ctb\"), person(\"Oscar\", \"Perpinan Lamigueiro\", role = \"ctb\"), person(\"Etienne B.\", \"Racine\", role = \"ctb\"), person(\"Barry\", \"Rowlingson\", role = \"ctb\"), person(\"Ashton\", \"Shortridge\", role = \"ctb\"), person(\"Bill\", \"Venables\", role = \"ctb\"), person(\"Rafael\", \"Wueest\", role = \"ctb\") )",
      "NeedsCompilation": "yes",
      "Author": "Robert J. Hijmans [cre, aut] (<https://orcid.org/0000-0001-5872-2872>), Jacob van Etten [ctb], Michael Sumner [ctb], Joe Cheng [ctb], Dan Baston [ctb], Andrew Bevan [ctb], Roger Bivand [ctb], Lorenzo Busetto [ctb], Mort Canty [ctb], Ben Fasoli [ctb], David Forrest [ctb], Aniruddha Ghosh [ctb], Duncan Golicher [ctb], Josh Gray [ctb], Jonathan A. Greenberg [ctb], Paul Hiemstra [ctb], Kassel Hingee [ctb], Alex Ilich [ctb], Institute for Mathematics Applied Geosciences [cph], Charles Karney [ctb], Matteo Mattiuzzi [ctb], Steven Mosher [ctb], Babak Naimi [ctb], Jakub Nowosad [ctb], Edzer Pebesma [ctb], Oscar Perpinan Lamigueiro [ctb], Etienne B. Racine [ctb], Barry Rowlingson [ctb], Ashton Shortridge [ctb], Bill Venables [ctb], Rafael Wueest [ctb]",
      "Maintainer": "Robert J. Hijmans <r.hijmans@gmail.com>",
      "Repository": "CRAN"
    },
    "renv": {
      "Package": "renv",
      "Version": "1.1.4",
      "Source": "Repository",
      "Type": "Package",
      "Title": "Project Environments",
      "Authors@R": "c( person(\"Kevin\", \"Ushey\", role = c(\"aut\", \"cre\"), email = \"kevin@rstudio.com\", comment = c(ORCID = \"0000-0003-2880-7407\")), person(\"Hadley\", \"Wickham\", role = c(\"aut\"), email = \"hadley@rstudio.com\", comment = c(ORCID = \"0000-0003-4757-117X\")), person(\"Posit Software, PBC\", role = c(\"cph\", \"fnd\")) )",
      "Description": "A dependency management toolkit for R. Using 'renv', you can create and manage project-local R libraries, save the state of these libraries to a 'lockfile', and later restore your library as required. Together, these tools can help make your projects more isolated, portable, and reproducible.",
      "License": "MIT + file LICENSE",
      "URL": "https://rstudio.github.io/renv/, https://github.com/rstudio/renv",
      "BugReports": "https://github.com/rstudio/renv/issues",
      "Imports": [
        "utils"
      ],
      "Suggests": [
        "BiocManager",
        "cli",
        "compiler",
        "covr",
        "cpp11",
        "devtools",
        "gitcreds",
        "jsonlite",
        "jsonvalidate",
        "knitr",
        "miniUI",
        "modules",
        "packrat",
        "pak",
        "R6",
        "remotes",
        "reticulate",
        "rmarkdown",
        "rstudioapi",
        "shiny",
        "testthat",
        "uuid",
        "waldo",
        "yaml",
        "webfakes"
      ],
      "Encoding": "UTF-8",
      "RoxygenNote": "7.3.2",
      "VignetteBuilder": "knitr",
      "Config/Needs/website": "tidyverse/tidytemplate",
      "Config/testthat/edition": "3",
      "Config/testthat/parallel": "true",
      "Config/testthat/start-first": "bioconductor,python,install,restore,snapshot,retrieve,remotes",
      "NeedsCompilation": "no",
      "Author": "Kevin Ushey [aut, cre] (<https://orcid.org/0000-0003-2880-7407>), Hadley Wickham [aut] (<https://orcid.org/0000-0003-4757-117X>), Posit Software, PBC [cph, fnd]",
      "Maintainer": "Kevin Ushey <kevin@rstudio.com>",
      "Repository": "CRAN"
    },
    "rlang": {
      "Package": "rlang",
      "Version": "1.1.5",
      "Source": "Repository",
      "Title": "Functions for Base Types and Core R and 'Tidyverse' Features",
      "Description": "A toolbox for working with base types, core R features like the condition system, and core 'Tidyverse' features like tidy evaluation.",
      "Authors@R": "c( person(\"Lionel\", \"Henry\", ,\"lionel@posit.co\", c(\"aut\", \"cre\")), person(\"Hadley\", \"Wickham\", ,\"hadley@posit.co\", \"aut\"), person(given = \"mikefc\", email = \"mikefc@coolbutuseless.com\",  role = \"cph\",  comment = \"Hash implementation based on Mike's xxhashlite\"), person(given = \"Yann\", family = \"Collet\", role = \"cph\",  comment = \"Author of the embedded xxHash library\"), person(given = \"Posit, PBC\", role = c(\"cph\", \"fnd\")) )",
      "License": "MIT + file LICENSE",
      "ByteCompile": "true",
      "Biarch": "true",
      "Depends": [
        "R (>= 3.5.0)"
      ],
      "Imports": [
        "utils"
      ],
      "Suggests": [
        "cli (>= 3.1.0)",
        "covr",
        "crayon",
        "fs",
        "glue",
        "knitr",
        "magrittr",
        "methods",
        "pillar",
        "rmarkdown",
        "stats",
        "testthat (>= 3.0.0)",
        "tibble",
        "usethis",
        "vctrs (>= 0.2.3)",
        "withr"
      ],
      "Enhances": [
        "winch"
      ],
      "Encoding": "UTF-8",
      "RoxygenNote": "7.3.2",
      "URL": "https://rlang.r-lib.org, https://github.com/r-lib/rlang",
      "BugReports": "https://github.com/r-lib/rlang/issues",
      "Config/testthat/edition": "3",
      "Config/Needs/website": "dplyr, tidyverse/tidytemplate",
      "NeedsCompilation": "yes",
      "Author": "Lionel Henry [aut, cre], Hadley Wickham [aut], mikefc [cph] (Hash implementation based on Mike's xxhashlite), Yann Collet [cph] (Author of the embedded xxHash library), Posit, PBC [cph, fnd]",
      "Maintainer": "Lionel Henry <lionel@posit.co>",
      "Repository": "CRAN"
    },
    "scales": {
      "Package": "scales",
      "Version": "1.3.0",
      "Source": "Repository",
      "Title": "Scale Functions for Visualization",
      "Authors@R": "c( person(\"Hadley\", \"Wickham\", , \"hadley@posit.co\", role = c(\"aut\")), person(\"Thomas Lin\", \"Pedersen\", , \"thomas.pedersen@posit.co\", role = c(\"cre\", \"aut\"), comment = c(ORCID = \"0000-0002-5147-4711\")), person(\"Dana\", \"Seidel\", role = \"aut\"), person(\"Posit, PBC\", role = c(\"cph\", \"fnd\")) )",
      "Description": "Graphical scales map data to aesthetics, and provide methods for automatically determining breaks and labels for axes and legends.",
      "License": "MIT + file LICENSE",
      "URL": "https://scales.r-lib.org, https://github.com/r-lib/scales",
      "BugReports": "https://github.com/r-lib/scales/issues",
      "Depends": [
        "R (>= 3.6)"
      ],
      "Imports": [
        "cli",
        "farver (>= 2.0.3)",
        "glue",
        "labeling",
        "lifecycle",
        "munsell (>= 0.5)",
        "R6",
        "RColorBrewer",
        "rlang (>= 1.0.0)",
        "viridisLite"
      ],
      "Suggests": [
        "bit64",
        "covr",
        "dichromat",
        "ggplot2",
        "hms (>= 0.5.0)",
        "stringi",
        "testthat (>= 3.0.0)"
      ],
      "Config/Needs/website": "tidyverse/tidytemplate",
      "Config/testthat/edition": "3",
      "Encoding": "UTF-8",
      "LazyLoad": "yes",
      "RoxygenNote": "7.2.3",
      "NeedsCompilation": "yes",
      "Author": "Hadley Wickham [aut], Thomas Lin Pedersen [cre, aut] (<https://orcid.org/0000-0002-5147-4711>), Dana Seidel [aut], Posit, PBC [cph, fnd]",
      "Maintainer": "Thomas Lin Pedersen <thomas.pedersen@posit.co>",
      "Repository": "CRAN"
    },
    "terra": {
      "Package": "terra",
      "Version": "1.8-29",
      "Source": "Repository",
      "Type": "Package",
      "Title": "Spatial Data Analysis",
      "Date": "2025-02-25",
      "Depends": [
        "R (>= 3.5.0)"
      ],
      "Suggests": [
        "parallel",
        "tinytest",
        "ncdf4",
        "sf (>= 0.9-8)",
        "deldir",
        "XML",
        "leaflet (>= 2.2.1)",
        "htmlwidgets"
      ],
      "LinkingTo": [
        "Rcpp"
      ],
      "Imports": [
        "methods",
        "Rcpp (>= 1.0-10)"
      ],
      "SystemRequirements": "C++17, GDAL (>= 2.2.3), GEOS (>= 3.4.0), PROJ (>= 4.9.3), sqlite3",
      "Encoding": "UTF-8",
      "Language": "en-US",
      "Maintainer": "Robert J. Hijmans <r.hijmans@gmail.com>",
      "Description": "Methods for spatial data analysis with vector (points, lines, polygons) and raster (grid) data. Methods for vector data include geometric operations such as intersect and buffer. Raster methods include local, focal, global, zonal and geometric operations. The predict and interpolate methods facilitate the use of regression type (interpolation, machine learning) models for spatial prediction, including with satellite remote sensing data. Processing of very large files is supported. See the manual and tutorials on <https://rspatial.org/> to get started. 'terra' replaces the 'raster' package ('terra' can do more, and it is faster and easier to use).",
      "License": "GPL (>= 3)",
      "URL": "https://rspatial.org/, https://rspatial.github.io/terra/",
      "BugReports": "https://github.com/rspatial/terra/issues/",
      "LazyLoad": "yes",
      "Authors@R": "c( person(\"Robert J.\", \"Hijmans\", role=c(\"cre\", \"aut\"),   email=\"r.hijmans@gmail.com\", comment=c(ORCID=\"0000-0001-5872-2872\")),\t\t\t person(\"Márcia\", \"Barbosa\", role=\"ctb\"), person(\"Roger\", \"Bivand\", role=\"ctb\", comment=c(ORCID=\"0000-0003-2392-6140\")), person(\"Andrew\", \"Brown\", role=\"ctb\"), person(\"Michael\", \"Chirico\", role=\"ctb\"), person(\"Emanuele\", \"Cordano\", role=\"ctb\",comment=c(ORCID=\"0000-0002-3508-5898\")), person(\"Krzysztof\", \"Dyba\", role=\"ctb\", comment=c(ORCID=\"0000-0002-8614-3816\")), person(\"Edzer\", \"Pebesma\", role=\"ctb\", comment=c(ORCID=\"0000-0001-8049-7069\")), person(\"Barry\", \"Rowlingson\", role=\"ctb\"), person(\"Michael D.\", \"Sumner\", role=\"ctb\"))",
      "NeedsCompilation": "yes",
      "Author": "Robert J. Hijmans [cre, aut] (<https://orcid.org/0000-0001-5872-2872>), Márcia Barbosa [ctb], Roger Bivand [ctb] (<https://orcid.org/0000-0003-2392-6140>), Andrew Brown [ctb], Michael Chirico [ctb], Emanuele Cordano [ctb] (<https://orcid.org/0000-0002-3508-5898>), Krzysztof Dyba [ctb] (<https://orcid.org/0000-0002-8614-3816>), Edzer Pebesma [ctb] (<https://orcid.org/0000-0001-8049-7069>), Barry Rowlingson [ctb], Michael D. Sumner [ctb]",
      "Repository": "CRAN"
    },
    "viridisLite": {
      "Package": "viridisLite",
      "Version": "0.4.2",
      "Source": "Repository",
      "Type": "Package",
      "Title": "Colorblind-Friendly Color Maps (Lite Version)",
      "Date": "2023-05-02",
      "Authors@R": "c( person(\"Simon\", \"Garnier\", email = \"garnier@njit.edu\", role = c(\"aut\", \"cre\")), person(\"Noam\", \"Ross\", email = \"noam.ross@gmail.com\", role = c(\"ctb\", \"cph\")), person(\"Bob\", \"Rudis\", email = \"bob@rud.is\", role = c(\"ctb\", \"cph\")), person(\"Marco\", \"Sciaini\", email = \"sciaini.marco@gmail.com\", role = c(\"ctb\", \"cph\")), person(\"Antônio Pedro\", \"Camargo\", role = c(\"ctb\", \"cph\")), person(\"Cédric\", \"Scherer\", email = \"scherer@izw-berlin.de\", role = c(\"ctb\", \"cph\")) )",
      "Maintainer": "Simon Garnier <garnier@njit.edu>",
      "Description": "Color maps designed to improve graph readability for readers with  common forms of color blindness and/or color vision deficiency. The color  maps are also perceptually-uniform, both in regular form and also when  converted to black-and-white for printing. This is the 'lite' version of the  'viridis' package that also contains 'ggplot2' bindings for discrete and  continuous color and fill scales and can be found at  <https://cran.r-project.org/package=viridis>.",
      "License": "MIT + file LICENSE",
      "Encoding": "UTF-8",
      "Depends": [
        "R (>= 2.10)"
      ],
      "Suggests": [
        "hexbin (>= 1.27.0)",
        "ggplot2 (>= 1.0.1)",
        "testthat",
        "covr"
      ],
      "URL": "https://sjmgarnier.github.io/viridisLite/, https://github.com/sjmgarnier/viridisLite/",
      "BugReports": "https://github.com/sjmgarnier/viridisLite/issues/",
      "RoxygenNote": "7.2.3",
      "NeedsCompilation": "no",
      "Author": "Simon Garnier [aut, cre], Noam Ross [ctb, cph], Bob Rudis [ctb, cph], Marco Sciaini [ctb, cph], Antônio Pedro Camargo [ctb, cph], Cédric Scherer [ctb, cph]",
      "Repository": "CRAN"
    }
  }
}
